
Microsoft Visual Studio Solution File, Format Version 12.00
# Visual Studio Version 17
VisualStudioVersion = 17.7.34031.279
MinimumVisualStudioVersion = 10.0.40219.1
Project("{FAE04EC0-301F-11D3-BF4B-00C04F79EFBC}") = "Log_in_MVC", "Log_in_MVC\Log_in_MVC.csproj", "{E83A1F76-774F-48D0-98E4-E77963AECA13}"
EndProject
Global
	GlobalSection(SolutionConfigurationPlatforms) = preSolution
		Debug|Any CPU = Debug|Any CPU
		Release|Any CPU = Release|Any CPU
	EndGlobalSection
	GlobalSection(ProjectConfigurationPlatforms) = postSolution
		{E83A1F76-774F-48D0-98E4-E77963AECA13}.Debug|Any CPU.ActiveCfg = Debug|Any CPU
		{E83A1F76-774F-48D0-98E4-E77963AECA13}.Debug|Any CPU.Build.0 = Debug|Any CPU
		{E83A1F76-774F-48D0-98E4-E77963AECA13}.Release|Any CPU.ActiveCfg = Release|Any CPU
		{E83A1F76-774F-48D0-98E4-E77963AECA13}.Release|Any CPU.Build.0 = Release|Any CPU
	EndGlobalSection
	GlobalSection(SolutionProperties) = preSolution
		HideSolutionNode = FALSE
	EndGlobalSection
	GlobalSection(ExtensibilityGlobals) = postSolution
		SolutionGuid = {D2D58FF9-1F73-47FA-91B6-E62EDC4F4FDD}
	EndGlobalSection
EndGlobal
